
Microsoft Visual Studio Solution File, Format Version 12.00
# Visual Studio Version 17
VisualStudioVersion = 17.12.35527.113
MinimumVisualStudioVersion = 10.0.40219.1
Project("{F2A71F9B-5D33-465A-A702-920D77279786}") = "Walks.OBWholeOfLife", "Walks\OB Whole-Of-Life\Walks.OBWholeOfLife.fsproj", "{1E1E4FAA-C1BB-4695-8B07-4C89764BD809}"
EndProject
Project("{F2A71F9B-5D33-465A-A702-920D77279786}") = "Controller", "Controller\Controller.fsproj", "{0E1B1AE5-CCFD-48C9-9A32-E49D6E957C99}"
EndProject
Project("{F2A71F9B-5D33-465A-A702-920D77279786}") = "Runner", "Runner\Runner.fsproj", "{ECA8C898-2582-401B-9BE5-9419BF11DCFE}"
EndProject
Project("{F2A71F9B-5D33-465A-A702-920D77279786}") = "Common", "Common\Common.fsproj", "{55DC3B80-F05D-4FCB-9ECC-D956BE8C2B03}"
EndProject
Project("{F2A71F9B-5D33-465A-A702-920D77279786}") = "DataStore.Postgres.Common", "DataStore.Postgres\Common\DataStore.Postgres.Common.fsproj", "{4782845B-7866-48DA-B5A0-810B1D41D336}"
EndProject
Project("{2150E333-8FDC-42A3-9474-1A3956D46DE8}") = "Solution Items", "Solution Items", "{F4F36248-665E-46D3-9ED5-C7678D258CF0}"
	ProjectSection(SolutionItems) = preProject
		README.md = README.md
	EndProjectSection
EndProject
Project("{F2A71F9B-5D33-465A-A702-920D77279786}") = "Walks.Common", "Walks\Common\Walks.Common.fsproj", "{B041226E-9E41-406B-BAF1-BBF8B52AC560}"
EndProject
Project("{2150E333-8FDC-42A3-9474-1A3956D46DE8}") = "Walks", "Walks", "{DD055ECC-78A5-4E51-8977-0ED0CCEB5542}"
EndProject
Project("{2150E333-8FDC-42A3-9474-1A3956D46DE8}") = "Structures", "Structures", "{F2E2DD18-67D3-44C9-B74E-2A5DF5265DF1}"
EndProject
Project("{F2A71F9B-5D33-465A-A702-920D77279786}") = "Structures.OBWholeOfLife", "Structures\OB Whole-Of-Life\Structures.OBWholeOfLife.fsproj", "{91CA7AAB-54D3-4465-BE3B-C8D10426BD80}"
EndProject
Project("{2150E333-8FDC-42A3-9474-1A3956D46DE8}") = "DataStore.Postgres", "DataStore.Postgres", "{5C1363B6-D115-42DB-BA1F-0C2B95293113}"
EndProject
Project("{F2A71F9B-5D33-465A-A702-920D77279786}") = "DataStore.Postgres.OBWholeOfLife", "DataStore.Postgres\OB Whole-Of-Life\DataStore.Postgres.OBWholeOfLife.fsproj", "{28437AB5-B28C-4A31-8054-98A2B16C3821}"
EndProject
Project("{F2A71F9B-5D33-465A-A702-920D77279786}") = "DbPlay", "DbPlay\DbPlay.fsproj", "{7713B02E-26AF-49A7-8A93-155CA9BEF794}"
EndProject
Project("{F2A71F9B-5D33-465A-A702-920D77279786}") = "ApiProvider.Excel", "ApiProvider\Excel\ApiProvider.Excel.fsproj", "{9BD64BDB-661F-4B68-AD5E-53E78BCC7B34}"
EndProject
Project("{2150E333-8FDC-42A3-9474-1A3956D46DE8}") = "Api Providers", "Api Providers", "{02EA681E-C7D8-13C7-8484-4AC65E1B71E8}"
EndProject
Project("{FAE04EC0-301F-11D3-BF4B-00C04F79EFBC}") = "ApiProvider.Excel.NativeBindings", "ApiProvider\Excel.NativeBindings\ApiProvider.Excel.NativeBindings.csproj", "{53009B6F-3D84-441D-9904-5088888CC9F6}"
EndProject
Project("{F2A71F9B-5D33-465A-A702-920D77279786}") = "TypeExtensions", "TypeExtensions\TypeExtensions.fsproj", "{434C551E-CF8A-4C64-A2CE-693DDED1DF8B}"
EndProject
Project("{F2A71F9B-5D33-465A-A702-920D77279786}") = "StateMonad", "StateMonad\StateMonad.fsproj", "{A7E60DBC-C384-4749-AFAB-ED1781849445}"
EndProject
Global
	GlobalSection(SolutionConfigurationPlatforms) = preSolution
		Debug|Any CPU = Debug|Any CPU
		Release|Any CPU = Release|Any CPU
	EndGlobalSection
	GlobalSection(ProjectConfigurationPlatforms) = postSolution
		{1E1E4FAA-C1BB-4695-8B07-4C89764BD809}.Debug|Any CPU.ActiveCfg = Debug|Any CPU
		{1E1E4FAA-C1BB-4695-8B07-4C89764BD809}.Debug|Any CPU.Build.0 = Debug|Any CPU
		{1E1E4FAA-C1BB-4695-8B07-4C89764BD809}.Release|Any CPU.ActiveCfg = Release|Any CPU
		{1E1E4FAA-C1BB-4695-8B07-4C89764BD809}.Release|Any CPU.Build.0 = Release|Any CPU
		{0E1B1AE5-CCFD-48C9-9A32-E49D6E957C99}.Debug|Any CPU.ActiveCfg = Debug|Any CPU
		{0E1B1AE5-CCFD-48C9-9A32-E49D6E957C99}.Debug|Any CPU.Build.0 = Debug|Any CPU
		{0E1B1AE5-CCFD-48C9-9A32-E49D6E957C99}.Release|Any CPU.ActiveCfg = Release|Any CPU
		{0E1B1AE5-CCFD-48C9-9A32-E49D6E957C99}.Release|Any CPU.Build.0 = Release|Any CPU
		{ECA8C898-2582-401B-9BE5-9419BF11DCFE}.Debug|Any CPU.ActiveCfg = Debug|Any CPU
		{ECA8C898-2582-401B-9BE5-9419BF11DCFE}.Debug|Any CPU.Build.0 = Debug|Any CPU
		{ECA8C898-2582-401B-9BE5-9419BF11DCFE}.Release|Any CPU.ActiveCfg = Release|Any CPU
		{ECA8C898-2582-401B-9BE5-9419BF11DCFE}.Release|Any CPU.Build.0 = Release|Any CPU
		{55DC3B80-F05D-4FCB-9ECC-D956BE8C2B03}.Debug|Any CPU.ActiveCfg = Debug|Any CPU
		{55DC3B80-F05D-4FCB-9ECC-D956BE8C2B03}.Debug|Any CPU.Build.0 = Debug|Any CPU
		{55DC3B80-F05D-4FCB-9ECC-D956BE8C2B03}.Release|Any CPU.ActiveCfg = Release|Any CPU
		{55DC3B80-F05D-4FCB-9ECC-D956BE8C2B03}.Release|Any CPU.Build.0 = Release|Any CPU
		{4782845B-7866-48DA-B5A0-810B1D41D336}.Debug|Any CPU.ActiveCfg = Debug|Any CPU
		{4782845B-7866-48DA-B5A0-810B1D41D336}.Debug|Any CPU.Build.0 = Debug|Any CPU
		{4782845B-7866-48DA-B5A0-810B1D41D336}.Release|Any CPU.ActiveCfg = Release|Any CPU
		{4782845B-7866-48DA-B5A0-810B1D41D336}.Release|Any CPU.Build.0 = Release|Any CPU
		{B041226E-9E41-406B-BAF1-BBF8B52AC560}.Debug|Any CPU.ActiveCfg = Debug|Any CPU
		{B041226E-9E41-406B-BAF1-BBF8B52AC560}.Debug|Any CPU.Build.0 = Debug|Any CPU
		{B041226E-9E41-406B-BAF1-BBF8B52AC560}.Release|Any CPU.ActiveCfg = Release|Any CPU
		{B041226E-9E41-406B-BAF1-BBF8B52AC560}.Release|Any CPU.Build.0 = Release|Any CPU
		{91CA7AAB-54D3-4465-BE3B-C8D10426BD80}.Debug|Any CPU.ActiveCfg = Debug|Any CPU
		{91CA7AAB-54D3-4465-BE3B-C8D10426BD80}.Debug|Any CPU.Build.0 = Debug|Any CPU
		{91CA7AAB-54D3-4465-BE3B-C8D10426BD80}.Release|Any CPU.ActiveCfg = Release|Any CPU
		{91CA7AAB-54D3-4465-BE3B-C8D10426BD80}.Release|Any CPU.Build.0 = Release|Any CPU
		{28437AB5-B28C-4A31-8054-98A2B16C3821}.Debug|Any CPU.ActiveCfg = Debug|Any CPU
		{28437AB5-B28C-4A31-8054-98A2B16C3821}.Debug|Any CPU.Build.0 = Debug|Any CPU
		{28437AB5-B28C-4A31-8054-98A2B16C3821}.Release|Any CPU.ActiveCfg = Release|Any CPU
		{28437AB5-B28C-4A31-8054-98A2B16C3821}.Release|Any CPU.Build.0 = Release|Any CPU
		{7713B02E-26AF-49A7-8A93-155CA9BEF794}.Debug|Any CPU.ActiveCfg = Debug|Any CPU
		{7713B02E-26AF-49A7-8A93-155CA9BEF794}.Debug|Any CPU.Build.0 = Debug|Any CPU
		{7713B02E-26AF-49A7-8A93-155CA9BEF794}.Release|Any CPU.ActiveCfg = Release|Any CPU
		{7713B02E-26AF-49A7-8A93-155CA9BEF794}.Release|Any CPU.Build.0 = Release|Any CPU
		{9BD64BDB-661F-4B68-AD5E-53E78BCC7B34}.Debug|Any CPU.ActiveCfg = Debug|Any CPU
		{9BD64BDB-661F-4B68-AD5E-53E78BCC7B34}.Debug|Any CPU.Build.0 = Debug|Any CPU
		{9BD64BDB-661F-4B68-AD5E-53E78BCC7B34}.Release|Any CPU.ActiveCfg = Release|Any CPU
		{9BD64BDB-661F-4B68-AD5E-53E78BCC7B34}.Release|Any CPU.Build.0 = Release|Any CPU
		{53009B6F-3D84-441D-9904-5088888CC9F6}.Debug|Any CPU.ActiveCfg = Debug|Any CPU
		{53009B6F-3D84-441D-9904-5088888CC9F6}.Debug|Any CPU.Build.0 = Debug|Any CPU
		{53009B6F-3D84-441D-9904-5088888CC9F6}.Release|Any CPU.ActiveCfg = Release|Any CPU
		{53009B6F-3D84-441D-9904-5088888CC9F6}.Release|Any CPU.Build.0 = Release|Any CPU
		{434C551E-CF8A-4C64-A2CE-693DDED1DF8B}.Debug|Any CPU.ActiveCfg = Debug|Any CPU
		{434C551E-CF8A-4C64-A2CE-693DDED1DF8B}.Debug|Any CPU.Build.0 = Debug|Any CPU
		{434C551E-CF8A-4C64-A2CE-693DDED1DF8B}.Release|Any CPU.ActiveCfg = Release|Any CPU
		{434C551E-CF8A-4C64-A2CE-693DDED1DF8B}.Release|Any CPU.Build.0 = Release|Any CPU
		{A7E60DBC-C384-4749-AFAB-ED1781849445}.Debug|Any CPU.ActiveCfg = Debug|Any CPU
		{A7E60DBC-C384-4749-AFAB-ED1781849445}.Debug|Any CPU.Build.0 = Debug|Any CPU
		{A7E60DBC-C384-4749-AFAB-ED1781849445}.Release|Any CPU.ActiveCfg = Release|Any CPU
		{A7E60DBC-C384-4749-AFAB-ED1781849445}.Release|Any CPU.Build.0 = Release|Any CPU
	EndGlobalSection
	GlobalSection(SolutionProperties) = preSolution
		HideSolutionNode = FALSE
	EndGlobalSection
	GlobalSection(NestedProjects) = preSolution
		{1E1E4FAA-C1BB-4695-8B07-4C89764BD809} = {DD055ECC-78A5-4E51-8977-0ED0CCEB5542}
		{4782845B-7866-48DA-B5A0-810B1D41D336} = {5C1363B6-D115-42DB-BA1F-0C2B95293113}
		{B041226E-9E41-406B-BAF1-BBF8B52AC560} = {DD055ECC-78A5-4E51-8977-0ED0CCEB5542}
		{91CA7AAB-54D3-4465-BE3B-C8D10426BD80} = {F2E2DD18-67D3-44C9-B74E-2A5DF5265DF1}
		{28437AB5-B28C-4A31-8054-98A2B16C3821} = {5C1363B6-D115-42DB-BA1F-0C2B95293113}
		{9BD64BDB-661F-4B68-AD5E-53E78BCC7B34} = {02EA681E-C7D8-13C7-8484-4AC65E1B71E8}
		{53009B6F-3D84-441D-9904-5088888CC9F6} = {02EA681E-C7D8-13C7-8484-4AC65E1B71E8}
	EndGlobalSection
	GlobalSection(ExtensibilityGlobals) = postSolution
		SolutionGuid = {27505255-7790-4193-983E-8E7636334A79}
	EndGlobalSection
EndGlobal
