
Microsoft Visual Studio Solution File, Format Version 12.00
# Visual Studio Version 17
VisualStudioVersion = 17.12.35527.113
MinimumVisualStudioVersion = 10.0.40219.1
Project("{F2A71F9B-5D33-465A-A702-920D77279786}") = "ApiProvider.Excel", "ApiProvider\Excel\ApiProvider.Excel.fsproj", "{E2E77A4F-52A7-28BF-E3B5-8E693370EA15}"
EndProject
Project("{FAE04EC0-301F-11D3-BF4B-00C04F79EFBC}") = "ApiProvider.Excel.NativeBindings", "ApiProvider\Excel.NativeBindings\ApiProvider.Excel.NativeBindings.csproj", "{C3A581E4-B1D0-259E-77B5-1E4E6624710E}"
EndProject
Project("{F2A71F9B-5D33-465A-A702-920D77279786}") = "Common.StateMonad", "Common\StateMonad\Common.StateMonad.fsproj", "{E5806F06-A2BB-3C3E-B5F8-DF7D9C525F33}"
EndProject
Project("{F2A71F9B-5D33-465A-A702-920D77279786}") = "Common.TypeExtensions", "Common\TypeExtensions\Common.TypeExtensions.fsproj", "{73385127-3F2A-F905-1F13-E642D53BF080}"
EndProject
Project("{F2A71F9B-5D33-465A-A702-920D77279786}") = "Controller", "Controller\Controller.fsproj", "{B5E613FE-1798-521A-D20E-87ADF784DFB5}"
EndProject
Project("{F2A71F9B-5D33-465A-A702-920D77279786}") = "Core", "Core\Core.fsproj", "{CC875EAB-784A-5CAB-5329-685607D44083}"
EndProject
Project("{F2A71F9B-5D33-465A-A702-920D77279786}") = "DataStore.Postgres.Common", "DataStore.Postgres\Common\DataStore.Postgres.Common.fsproj", "{23335C76-A3CE-79E8-CD37-7E5CC310BB79}"
EndProject
Project("{F2A71F9B-5D33-465A-A702-920D77279786}") = "DataStore.Postgres.OBWholeOfLife", "DataStore.Postgres\OB Whole-Of-Life\DataStore.Postgres.OBWholeOfLife.fsproj", "{3C3B2A92-DEB5-CAED-2F14-39B8F487BABF}"
EndProject
Project("{F2A71F9B-5D33-465A-A702-920D77279786}") = "Runner", "Runner\Runner.fsproj", "{59EFE2FB-3B31-C578-1766-3FD5345BC955}"
EndProject
Project("{F2A71F9B-5D33-465A-A702-920D77279786}") = "Structures.OBWholeOfLife", "Structures\OB Whole-Of-Life\Structures.OBWholeOfLife.fsproj", "{2F56B043-660B-8ED3-FB44-D3D4325A9274}"
EndProject
Project("{F2A71F9B-5D33-465A-A702-920D77279786}") = "Walks.Common", "Walks\Common\Walks.Common.fsproj", "{17032DE7-1C99-B456-7951-525A6B2263A3}"
EndProject
Project("{F2A71F9B-5D33-465A-A702-920D77279786}") = "Walks.OBWholeOfLife", "Walks\OB Whole-Of-Life\Walks.OBWholeOfLife.fsproj", "{D7640CDC-35B2-0406-8CFC-1AE43068C7BE}"
EndProject
Project("{2150E333-8FDC-42A3-9474-1A3956D46DE8}") = "Api Providers", "Api Providers", "{02EA681E-C7D8-13C7-8484-4AC65E1B71E8}"
EndProject
Project("{2150E333-8FDC-42A3-9474-1A3956D46DE8}") = "Common", "Common", "{E7387996-9670-4D22-9F41-FE7FAF133AD1}"
EndProject
Project("{2150E333-8FDC-42A3-9474-1A3956D46DE8}") = "Data Store (Postgres)", "Data Store (Postgres)", "{62D8058B-C7A6-4634-9830-7359BF1C4304}"
EndProject
Project("{2150E333-8FDC-42A3-9474-1A3956D46DE8}") = "Structures", "Structures", "{4BC096B2-DC7D-4576-9168-C1CB95BC9C14}"
EndProject
Project("{2150E333-8FDC-42A3-9474-1A3956D46DE8}") = "Walks", "Walks", "{9E3F0FE3-44E8-4F90-861A-259AD9433C71}"
EndProject
Project("{F2A71F9B-5D33-465A-A702-920D77279786}") = "Common.TypePatterns", "Common\TypePatterns\Common.TypePatterns.fsproj", "{D0FF1868-7B4A-4129-9002-D923D476EA08}"
EndProject
Project("{F2A71F9B-5D33-465A-A702-920D77279786}") = "DatablocksPlay", "DatablocksPlay\DatablocksPlay.fsproj", "{ECD93846-545F-46E5-956A-5F33281361B1}"
EndProject
Global
	GlobalSection(SolutionConfigurationPlatforms) = preSolution
		Debug|Any CPU = Debug|Any CPU
		Release|Any CPU = Release|Any CPU
	EndGlobalSection
	GlobalSection(ProjectConfigurationPlatforms) = postSolution
		{E2E77A4F-52A7-28BF-E3B5-8E693370EA15}.Debug|Any CPU.ActiveCfg = Debug|Any CPU
		{E2E77A4F-52A7-28BF-E3B5-8E693370EA15}.Debug|Any CPU.Build.0 = Debug|Any CPU
		{E2E77A4F-52A7-28BF-E3B5-8E693370EA15}.Release|Any CPU.ActiveCfg = Release|Any CPU
		{E2E77A4F-52A7-28BF-E3B5-8E693370EA15}.Release|Any CPU.Build.0 = Release|Any CPU
		{C3A581E4-B1D0-259E-77B5-1E4E6624710E}.Debug|Any CPU.ActiveCfg = Debug|Any CPU
		{C3A581E4-B1D0-259E-77B5-1E4E6624710E}.Debug|Any CPU.Build.0 = Debug|Any CPU
		{C3A581E4-B1D0-259E-77B5-1E4E6624710E}.Release|Any CPU.ActiveCfg = Release|Any CPU
		{C3A581E4-B1D0-259E-77B5-1E4E6624710E}.Release|Any CPU.Build.0 = Release|Any CPU
		{E5806F06-A2BB-3C3E-B5F8-DF7D9C525F33}.Debug|Any CPU.ActiveCfg = Debug|Any CPU
		{E5806F06-A2BB-3C3E-B5F8-DF7D9C525F33}.Debug|Any CPU.Build.0 = Debug|Any CPU
		{E5806F06-A2BB-3C3E-B5F8-DF7D9C525F33}.Release|Any CPU.ActiveCfg = Release|Any CPU
		{E5806F06-A2BB-3C3E-B5F8-DF7D9C525F33}.Release|Any CPU.Build.0 = Release|Any CPU
		{73385127-3F2A-F905-1F13-E642D53BF080}.Debug|Any CPU.ActiveCfg = Debug|Any CPU
		{73385127-3F2A-F905-1F13-E642D53BF080}.Debug|Any CPU.Build.0 = Debug|Any CPU
		{73385127-3F2A-F905-1F13-E642D53BF080}.Release|Any CPU.ActiveCfg = Release|Any CPU
		{73385127-3F2A-F905-1F13-E642D53BF080}.Release|Any CPU.Build.0 = Release|Any CPU
		{B5E613FE-1798-521A-D20E-87ADF784DFB5}.Debug|Any CPU.ActiveCfg = Debug|Any CPU
		{B5E613FE-1798-521A-D20E-87ADF784DFB5}.Debug|Any CPU.Build.0 = Debug|Any CPU
		{B5E613FE-1798-521A-D20E-87ADF784DFB5}.Release|Any CPU.ActiveCfg = Release|Any CPU
		{B5E613FE-1798-521A-D20E-87ADF784DFB5}.Release|Any CPU.Build.0 = Release|Any CPU
		{CC875EAB-784A-5CAB-5329-685607D44083}.Debug|Any CPU.ActiveCfg = Debug|Any CPU
		{CC875EAB-784A-5CAB-5329-685607D44083}.Debug|Any CPU.Build.0 = Debug|Any CPU
		{CC875EAB-784A-5CAB-5329-685607D44083}.Release|Any CPU.ActiveCfg = Release|Any CPU
		{CC875EAB-784A-5CAB-5329-685607D44083}.Release|Any CPU.Build.0 = Release|Any CPU
		{23335C76-A3CE-79E8-CD37-7E5CC310BB79}.Debug|Any CPU.ActiveCfg = Debug|Any CPU
		{23335C76-A3CE-79E8-CD37-7E5CC310BB79}.Debug|Any CPU.Build.0 = Debug|Any CPU
		{23335C76-A3CE-79E8-CD37-7E5CC310BB79}.Release|Any CPU.ActiveCfg = Release|Any CPU
		{23335C76-A3CE-79E8-CD37-7E5CC310BB79}.Release|Any CPU.Build.0 = Release|Any CPU
		{3C3B2A92-DEB5-CAED-2F14-39B8F487BABF}.Debug|Any CPU.ActiveCfg = Debug|Any CPU
		{3C3B2A92-DEB5-CAED-2F14-39B8F487BABF}.Debug|Any CPU.Build.0 = Debug|Any CPU
		{3C3B2A92-DEB5-CAED-2F14-39B8F487BABF}.Release|Any CPU.ActiveCfg = Release|Any CPU
		{3C3B2A92-DEB5-CAED-2F14-39B8F487BABF}.Release|Any CPU.Build.0 = Release|Any CPU
		{59EFE2FB-3B31-C578-1766-3FD5345BC955}.Debug|Any CPU.ActiveCfg = Debug|Any CPU
		{59EFE2FB-3B31-C578-1766-3FD5345BC955}.Debug|Any CPU.Build.0 = Debug|Any CPU
		{59EFE2FB-3B31-C578-1766-3FD5345BC955}.Release|Any CPU.ActiveCfg = Release|Any CPU
		{59EFE2FB-3B31-C578-1766-3FD5345BC955}.Release|Any CPU.Build.0 = Release|Any CPU
		{2F56B043-660B-8ED3-FB44-D3D4325A9274}.Debug|Any CPU.ActiveCfg = Debug|Any CPU
		{2F56B043-660B-8ED3-FB44-D3D4325A9274}.Debug|Any CPU.Build.0 = Debug|Any CPU
		{2F56B043-660B-8ED3-FB44-D3D4325A9274}.Release|Any CPU.ActiveCfg = Release|Any CPU
		{2F56B043-660B-8ED3-FB44-D3D4325A9274}.Release|Any CPU.Build.0 = Release|Any CPU
		{17032DE7-1C99-B456-7951-525A6B2263A3}.Debug|Any CPU.ActiveCfg = Debug|Any CPU
		{17032DE7-1C99-B456-7951-525A6B2263A3}.Debug|Any CPU.Build.0 = Debug|Any CPU
		{17032DE7-1C99-B456-7951-525A6B2263A3}.Release|Any CPU.ActiveCfg = Release|Any CPU
		{17032DE7-1C99-B456-7951-525A6B2263A3}.Release|Any CPU.Build.0 = Release|Any CPU
		{D7640CDC-35B2-0406-8CFC-1AE43068C7BE}.Debug|Any CPU.ActiveCfg = Debug|Any CPU
		{D7640CDC-35B2-0406-8CFC-1AE43068C7BE}.Debug|Any CPU.Build.0 = Debug|Any CPU
		{D7640CDC-35B2-0406-8CFC-1AE43068C7BE}.Release|Any CPU.ActiveCfg = Release|Any CPU
		{D7640CDC-35B2-0406-8CFC-1AE43068C7BE}.Release|Any CPU.Build.0 = Release|Any CPU
		{D0FF1868-7B4A-4129-9002-D923D476EA08}.Debug|Any CPU.ActiveCfg = Debug|Any CPU
		{D0FF1868-7B4A-4129-9002-D923D476EA08}.Debug|Any CPU.Build.0 = Debug|Any CPU
		{D0FF1868-7B4A-4129-9002-D923D476EA08}.Release|Any CPU.ActiveCfg = Release|Any CPU
		{D0FF1868-7B4A-4129-9002-D923D476EA08}.Release|Any CPU.Build.0 = Release|Any CPU
		{ECD93846-545F-46E5-956A-5F33281361B1}.Debug|Any CPU.ActiveCfg = Debug|Any CPU
		{ECD93846-545F-46E5-956A-5F33281361B1}.Debug|Any CPU.Build.0 = Debug|Any CPU
		{ECD93846-545F-46E5-956A-5F33281361B1}.Release|Any CPU.ActiveCfg = Release|Any CPU
		{ECD93846-545F-46E5-956A-5F33281361B1}.Release|Any CPU.Build.0 = Release|Any CPU
	EndGlobalSection
	GlobalSection(SolutionProperties) = preSolution
		HideSolutionNode = FALSE
	EndGlobalSection
	GlobalSection(NestedProjects) = preSolution
		{E2E77A4F-52A7-28BF-E3B5-8E693370EA15} = {02EA681E-C7D8-13C7-8484-4AC65E1B71E8}
		{C3A581E4-B1D0-259E-77B5-1E4E6624710E} = {02EA681E-C7D8-13C7-8484-4AC65E1B71E8}
		{E5806F06-A2BB-3C3E-B5F8-DF7D9C525F33} = {E7387996-9670-4D22-9F41-FE7FAF133AD1}
		{73385127-3F2A-F905-1F13-E642D53BF080} = {E7387996-9670-4D22-9F41-FE7FAF133AD1}
		{23335C76-A3CE-79E8-CD37-7E5CC310BB79} = {62D8058B-C7A6-4634-9830-7359BF1C4304}
		{3C3B2A92-DEB5-CAED-2F14-39B8F487BABF} = {62D8058B-C7A6-4634-9830-7359BF1C4304}
		{2F56B043-660B-8ED3-FB44-D3D4325A9274} = {4BC096B2-DC7D-4576-9168-C1CB95BC9C14}
		{17032DE7-1C99-B456-7951-525A6B2263A3} = {9E3F0FE3-44E8-4F90-861A-259AD9433C71}
		{D7640CDC-35B2-0406-8CFC-1AE43068C7BE} = {9E3F0FE3-44E8-4F90-861A-259AD9433C71}
		{D0FF1868-7B4A-4129-9002-D923D476EA08} = {E7387996-9670-4D22-9F41-FE7FAF133AD1}
	EndGlobalSection
	GlobalSection(ExtensibilityGlobals) = postSolution
		SolutionGuid = {31144F6B-C370-4C61-8F5D-41A65556027A}
	EndGlobalSection
EndGlobal
